<?xml version="1.0" encoding="utf-8"?>
<Project ToolsVersion="4.0" xmlns="http://schemas.microsoft.com/developer/msbuild/2003">
  <ItemGroup>
    <Filter Include="Source Files">
      <UniqueIdentifier>{4FC737F1-C7A5-4376-A066-2A32D752A2FF}</UniqueIdentifier>
      <Extensions>cpp;c;cc;cxx;c++;cppm;ixx;def;odl;idl;hpj;bat;asm;asmx</Extensions>
    </Filter>
    <Filter Include="Header Files">
      <UniqueIdentifier>{93995380-89BD-4b04-88EB-625FBE52EBFB}</UniqueIdentifier>
      <Extensions>h;hh;hpp;hxx;h++;hm;inl;inc;ipp;xsd</Extensions>
    </Filter>
    <Filter Include="Resource Files">
      <UniqueIdentifier>{67DA6AB6-F800-4c08-8B7A-83BB121AAD01}</UniqueIdentifier>
      <Extensions>rc;ico;cur;bmp;dlg;rc2;rct;bin;rgs;gif;jpg;jpeg;jpe;resx;tiff;tif;png;wav;mfcribbon-ms</Extensions>
    </Filter>
    <Filter Include="Source Files\shaders">
      <UniqueIdentifier>{1c9ac28a-3e4c-454a-8aac-5b5fc7f8a7e8}</UniqueIdentifier>
    </Filter>
    <Filter Include="Source Files\render">
      <UniqueIdentifier>{35937bbe-0e71-498b-8316-06d6bc9ff0c3}</UniqueIdentifier>
    </Filter>
    <Filter Include="Source Files\shadowmaps">
      <UniqueIdentifier>{5ac9159e-4143-45d7-bdcf-e4d7bf82f9a9}</UniqueIdentifier>
    </Filter>
    <Filter Include="Source Files\vulkan">
      <UniqueIdentifier>{02aa092f-2551-4a9d-8969-037af8fd58e1}</UniqueIdentifier>
    </Filter>
    <Filter Include="Source Files\shaders\shadow">
      <UniqueIdentifier>{a85d848b-37ca-4a76-a23c-3fb2fc3cd88d}</UniqueIdentifier>
    </Filter>
    <Filter Include="Source Files\shaders\skybox">
      <UniqueIdentifier>{d6cb653d-3ae3-4e75-ac41-35d67119b737}</UniqueIdentifier>
    </Filter>
    <Filter Include="Source Files\shaders\terrain">
      <UniqueIdentifier>{22f6319b-8896-43c9-a437-40450542207c}</UniqueIdentifier>
    </Filter>
    <Filter Include="Source Files\render\shadowmap">
      <UniqueIdentifier>{3c93e159-a1e4-4452-ae75-d95b005f58ab}</UniqueIdentifier>
    </Filter>
    <Filter Include="Source Files\render\terrain">
      <UniqueIdentifier>{1223c26d-760b-4f6c-ae09-2cd8e29b30df}</UniqueIdentifier>
    </Filter>
    <Filter Include="Source Files\render\water">
      <UniqueIdentifier>{9479eac1-80cd-4e8b-84e5-e246d59a5259}</UniqueIdentifier>
    </Filter>
    <Filter Include="Source Files\render\skybox">
      <UniqueIdentifier>{5ea0b754-204e-419f-9487-82a64924d12c}</UniqueIdentifier>
    </Filter>
    <Filter Include="Source Files\shaders\skyLUTs">
      <UniqueIdentifier>{9389cc4d-596c-43d3-bc74-5418cfedeab6}</UniqueIdentifier>
    </Filter>
    <Filter Include="Source Files\shaders\water">
      <UniqueIdentifier>{7852ea28-8019-41b8-8ff5-5004c9f93853}</UniqueIdentifier>
    </Filter>
  </ItemGroup>
  <ItemGroup>
    <ClCompile Include="app.cpp">
      <Filter>Source Files</Filter>
    </ClCompile>
    <ClCompile Include="camera.cpp">
      <Filter>Source Files</Filter>
    </ClCompile>
    <ClCompile Include="gameobject.cpp">
      <Filter>Source Files</Filter>
    </ClCompile>
    <ClCompile Include="light.cpp">
      <Filter>Source Files</Filter>
    </ClCompile>
    <ClCompile Include="main.cpp">
      <Filter>Source Files</Filter>
    </ClCompile>
    <ClCompile Include="model.cpp">
      <Filter>Source Files</Filter>
    </ClCompile>
    <ClCompile Include="texture.cpp">
      <Filter>Source Files</Filter>
    </ClCompile>
    <ClCompile Include="gui.cpp">
      <Filter>Source Files</Filter>
    </ClCompile>
    <ClCompile Include="renderer.cpp">
      <Filter>Source Files\render</Filter>
    </ClCompile>
    <ClCompile Include="render_system.cpp">
      <Filter>Source Files\render</Filter>
    </ClCompile>
    <ClCompile Include="terrain.cpp">
      <Filter>Source Files</Filter>
    </ClCompile>
    <ClCompile Include="shadowmaps.cpp">
      <Filter>Source Files\shadowmaps</Filter>
    </ClCompile>
    <ClCompile Include="device.cpp">
      <Filter>Source Files\vulkan</Filter>
    </ClCompile>
    <ClCompile Include="instance.cpp">
      <Filter>Source Files\vulkan</Filter>
    </ClCompile>
    <ClCompile Include="swapchain.cpp">
      <Filter>Source Files\vulkan</Filter>
    </ClCompile>
    <ClCompile Include="pipeline.cpp">
      <Filter>Source Files\vulkan</Filter>
    </ClCompile>
    <ClCompile Include="descriptors.cpp">
      <Filter>Source Files\vulkan</Filter>
    </ClCompile>
    <ClCompile Include="timestamp_query.cpp">
      <Filter>Source Files\vulkan</Filter>
    </ClCompile>
    <ClCompile Include="skybox.cpp">
      <Filter>Source Files</Filter>
    </ClCompile>
    <ClCompile Include="window.cpp">
      <Filter>Source Files\vulkan</Filter>
    </ClCompile>
    <ClCompile Include="buffer.cpp">
      <Filter>Source Files\vulkan</Filter>
    </ClCompile>
    <ClCompile Include="water.cpp">
      <Filter>Source Files</Filter>
    </ClCompile>
    <ClCompile Include="sky_render_system.cpp">
      <Filter>Source Files\render</Filter>
    </ClCompile>
    <ClCompile Include="cascadeshadow_render_system.cpp">
      <Filter>Source Files\render\shadowmap</Filter>
    </ClCompile>
    <ClCompile Include="esm_render_system.cpp">
      <Filter>Source Files\render\shadowmap</Filter>
    </ClCompile>
    <ClCompile Include="shadowmap_render_system.cpp">
      <Filter>Source Files\render\shadowmap</Filter>
    </ClCompile>
    <ClCompile Include="vsm_render_system.cpp">
      <Filter>Source Files\render\shadowmap</Filter>
    </ClCompile>
    <ClCompile Include="terrain_render_system.cpp">
      <Filter>Source Files\render\terrain</Filter>
    </ClCompile>
    <ClCompile Include="water_render_system.cpp">
      <Filter>Source Files\render\water</Filter>
    </ClCompile>
    <ClCompile Include="skybox_render_system.cpp">
      <Filter>Source Files\render\skybox</Filter>
    </ClCompile>
    <ClCompile Include="normalmap_render_system.cpp">
      <Filter>Source Files\render\terrain</Filter>
    </ClCompile>
    <ClCompile Include="blur_render_system.cpp">
      <Filter>Source Files\render\shadowmap</Filter>
    </ClCompile>
    <ClCompile Include="scene.cpp">
      <Filter>Source Files</Filter>
    </ClCompile>
    <ClCompile Include="offscreen_render_system.cpp">
      <Filter>Source Files\render</Filter>
    </ClCompile>
    <ClCompile Include="compute_render_system.cpp">
      <Filter>Source Files\render</Filter>
    </ClCompile>
    <ClCompile Include="sky.cpp">
      <Filter>Source Files</Filter>
    </ClCompile>
  </ItemGroup>
  <ItemGroup>
    <ClInclude Include="app.h">
      <Filter>Source Files</Filter>
    </ClInclude>
    <ClInclude Include="camera.h">
      <Filter>Source Files</Filter>
    </ClInclude>
    <ClInclude Include="gameobject.h">
      <Filter>Source Files</Filter>
    </ClInclude>
    <ClInclude Include="light.h">
      <Filter>Source Files</Filter>
    </ClInclude>
    <ClInclude Include="model.h">
      <Filter>Source Files</Filter>
    </ClInclude>
    <ClInclude Include="texture.h">
      <Filter>Source Files</Filter>
    </ClInclude>
    <ClInclude Include="gui.h">
      <Filter>Source Files</Filter>
    </ClInclude>
    <ClInclude Include="renderer.h">
      <Filter>Source Files\render</Filter>
    </ClInclude>
    <ClInclude Include="render_system.h">
      <Filter>Source Files\render</Filter>
    </ClInclude>
    <ClInclude Include="material.h">
      <Filter>Source Files</Filter>
    </ClInclude>
    <ClInclude Include="terrain.h">
      <Filter>Source Files</Filter>
    </ClInclude>
    <ClInclude Include="vertex.h">
      <Filter>Source Files</Filter>
    </ClInclude>
    <ClInclude Include="renderinfo.h">
      <Filter>Source Files</Filter>
    </ClInclude>
    <ClInclude Include="shadowmaps.h">
      <Filter>Source Files\shadowmaps</Filter>
    </ClInclude>
    <ClInclude Include="device.h">
      <Filter>Source Files\vulkan</Filter>
    </ClInclude>
    <ClInclude Include="instance.h">
      <Filter>Source Files\vulkan</Filter>
    </ClInclude>
    <ClInclude Include="swapchain.h">
      <Filter>Source Files\vulkan</Filter>
    </ClInclude>
    <ClInclude Include="pipeline.h">
      <Filter>Source Files\vulkan</Filter>
    </ClInclude>
    <ClInclude Include="descriptors.h">
      <Filter>Source Files\vulkan</Filter>
    </ClInclude>
    <ClInclude Include="timestamp_query.h">
      <Filter>Source Files\vulkan</Filter>
    </ClInclude>
    <ClInclude Include="pipelinemanager.h">
      <Filter>Source Files</Filter>
    </ClInclude>
    <ClInclude Include="skybox.h">
      <Filter>Source Files</Filter>
    </ClInclude>
    <ClInclude Include="window.h">
      <Filter>Source Files\vulkan</Filter>
    </ClInclude>
    <ClInclude Include="buffer.h">
      <Filter>Source Files\vulkan</Filter>
    </ClInclude>
    <ClInclude Include="helper.h">
      <Filter>Source Files\vulkan</Filter>
    </ClInclude>
    <ClInclude Include="water.h">
      <Filter>Source Files</Filter>
    </ClInclude>
    <ClInclude Include="timer.h">
      <Filter>Source Files</Filter>
    </ClInclude>
    <ClInclude Include="sky_render_system.h">
      <Filter>Source Files\render</Filter>
    </ClInclude>
    <ClInclude Include="cascadeshadow_render_system.h">
      <Filter>Source Files\render\shadowmap</Filter>
    </ClInclude>
    <ClInclude Include="esm_render_system.h">
      <Filter>Source Files\render\shadowmap</Filter>
    </ClInclude>
    <ClInclude Include="shadowmap_render_system.h">
      <Filter>Source Files\render\shadowmap</Filter>
    </ClInclude>
    <ClInclude Include="vsm_render_system.h">
      <Filter>Source Files\render\shadowmap</Filter>
    </ClInclude>
    <ClInclude Include="terrain_render_system.h">
      <Filter>Source Files\render\terrain</Filter>
    </ClInclude>
    <ClInclude Include="water_render_system.h">
      <Filter>Source Files\render\water</Filter>
    </ClInclude>
    <ClInclude Include="skybox_render_system.h">
      <Filter>Source Files\render\skybox</Filter>
    </ClInclude>
    <ClInclude Include="normalmap_render_system.h">
      <Filter>Source Files\render\terrain</Filter>
    </ClInclude>
    <ClInclude Include="blur_render_system.h">
      <Filter>Source Files\render\shadowmap</Filter>
    </ClInclude>
    <ClInclude Include="scene.h">
      <Filter>Source Files</Filter>
    </ClInclude>
    <ClInclude Include="offscreen_render_system.h">
      <Filter>Source Files\render</Filter>
    </ClInclude>
    <ClInclude Include="compute_render_system.h">
      <Filter>Source Files\render</Filter>
    </ClInclude>
    <ClInclude Include="sky.h">
      <Filter>Source Files</Filter>
    </ClInclude>
  </ItemGroup>
  <ItemGroup>
    <None Include="shaders\scene.vert">
      <Filter>Source Files\shaders</Filter>
    </None>
    <None Include="shaders\scene.frag">
      <Filter>Source Files\shaders</Filter>
    </None>
    <None Include="shaders\gaussblur.frag">
      <Filter>Source Files\shaders</Filter>
    </None>
    <None Include="shaders\gaussblur_cascade.frag">
      <Filter>Source Files\shaders</Filter>
    </None>
    <None Include="shaders\normalmap.frag">
      <Filter>Source Files\shaders</Filter>
    </None>
    <None Include="shaders\depthCascade.vert">
      <Filter>Source Files\shaders\shadow</Filter>
    </None>
    <None Include="shaders\ecsm.frag">
      <Filter>Source Files\shaders\shadow</Filter>
    </None>
    <None Include="shaders\esm.frag">
      <Filter>Source Files\shaders\shadow</Filter>
    </None>
    <None Include="shaders\vcsm.frag">
      <Filter>Source Files\shaders\shadow</Filter>
    </None>
    <None Include="shaders\vsm.frag">
      <Filter>Source Files\shaders\shadow</Filter>
    </None>
    <None Include="shaders\skybox.frag">
      <Filter>Source Files\shaders\skybox</Filter>
    </None>
    <None Include="shaders\skybox.vert">
      <Filter>Source Files\shaders\skybox</Filter>
    </None>
    <None Include="shaders\terrain.frag">
      <Filter>Source Files\shaders\terrain</Filter>
    </None>
    <None Include="shaders\terrain.tesc">
      <Filter>Source Files\shaders\terrain</Filter>
    </None>
    <None Include="shaders\terrain.tese">
      <Filter>Source Files\shaders\terrain</Filter>
    </None>
    <None Include="shaders\terrain.vert">
      <Filter>Source Files\shaders\terrain</Filter>
    </None>
    <None Include="shaders\sky.frag">
      <Filter>Source Files\shaders</Filter>
    </None>
    <None Include="shaders\SMdepth.vert">
      <Filter>Source Files\shaders\shadow</Filter>
    </None>
    <None Include="shaders\depth.vert">
      <Filter>Source Files\shaders</Filter>
    </None>
    <None Include="shaders\depth.frag">
      <Filter>Source Files\shaders</Filter>
    </None>
    <None Include="shaders\terraindepth.tese">
      <Filter>Source Files\shaders\terrain</Filter>
    </None>
    <None Include="shaders\multiscatteringLUT.comp">
      <Filter>Source Files\shaders\skyLUTs</Filter>
    </None>
    <None Include="shaders\transmittanceLUT.comp">
      <Filter>Source Files\shaders\skyLUTs</Filter>
    </None>
    <None Include="shaders\skyviewLUT.comp">
      <Filter>Source Files\shaders\skyLUTs</Filter>
    </None>
    <None Include="shaders\water.vert">
      <Filter>Source Files\shaders\water</Filter>
    </None>
    <None Include="shaders\water.frag">
      <Filter>Source Files\shaders\water</Filter>
    </None>
  </ItemGroup>
  <ItemGroup>
    <Text Include="shaders\quad.vert">
      <Filter>Source Files\shaders</Filter>
    </Text>
  </ItemGroup>
</Project>